
Microsoft Visual Studio Solution File, Format Version 12.00
# Visual Studio Version 16
VisualStudioVersion = 16.0.30002.166
MinimumVisualStudioVersion = 10.0.40219.1
Project("{FAE04EC0-301F-11D3-BF4B-00C04F79EFBC}") = "EasySim4u", "EasySim4u\EasySim4u.csproj", "{302D14C5-A30D-4DB4-ACFD-55E672680A7E}"
EndProject
Global
	GlobalSection(SolutionConfigurationPlatforms) = preSolution
		Debug|Any CPU = Debug|Any CPU
		Release|Any CPU = Release|Any CPU
	EndGlobalSection
	GlobalSection(ProjectConfigurationPlatforms) = postSolution
		{302D14C5-A30D-4DB4-ACFD-55E672680A7E}.Debug|Any CPU.ActiveCfg = Debug|Any CPU
		{302D14C5-A30D-4DB4-ACFD-55E672680A7E}.Debug|Any CPU.Build.0 = Debug|Any CPU
		{302D14C5-A30D-4DB4-ACFD-55E672680A7E}.Release|Any CPU.ActiveCfg = Release|Any CPU
		{302D14C5-A30D-4DB4-ACFD-55E672680A7E}.Release|Any CPU.Build.0 = Release|Any CPU
	EndGlobalSection
	GlobalSection(SolutionProperties) = preSolution
		HideSolutionNode = FALSE
	EndGlobalSection
	GlobalSection(ExtensibilityGlobals) = postSolution
		SolutionGuid = {2ACC3884-ED49-40F1-BC60-089B2954D58D}
	EndGlobalSection
EndGlobal
